
Microsoft Visual Studio Solution File, Format Version 12.00
# Visual Studio Version 17
VisualStudioVersion = 17.4.33103.184
MinimumVisualStudioVersion = 10.0.40219.1
Project("{9A19103F-16F7-4668-BE54-9A1E7A4F7556}") = "Project01", "Project01\Project01.csproj", "{88803D1B-1E99-4D3C-8579-E9D62D45BB0A}"
EndProject
Project("{FAE04EC0-301F-11D3-BF4B-00C04F79EFBC}") = "Test", "Test\Test.csproj", "{6B157E17-103B-456B-8B17-E43595AC527C}"
EndProject
Global
	GlobalSection(SolutionConfigurationPlatforms) = preSolution
		Debug|Any CPU = Debug|Any CPU
		Release|Any CPU = Release|Any CPU
	EndGlobalSection
	GlobalSection(ProjectConfigurationPlatforms) = postSolution
		{88803D1B-1E99-4D3C-8579-E9D62D45BB0A}.Debug|Any CPU.ActiveCfg = Debug|Any CPU
		{88803D1B-1E99-4D3C-8579-E9D62D45BB0A}.Debug|Any CPU.Build.0 = Debug|Any CPU
		{88803D1B-1E99-4D3C-8579-E9D62D45BB0A}.Release|Any CPU.ActiveCfg = Release|Any CPU
		{88803D1B-1E99-4D3C-8579-E9D62D45BB0A}.Release|Any CPU.Build.0 = Release|Any CPU
		{6B157E17-103B-456B-8B17-E43595AC527C}.Debug|Any CPU.ActiveCfg = Debug|Any CPU
		{6B157E17-103B-456B-8B17-E43595AC527C}.Debug|Any CPU.Build.0 = Debug|Any CPU
		{6B157E17-103B-456B-8B17-E43595AC527C}.Release|Any CPU.ActiveCfg = Release|Any CPU
		{6B157E17-103B-456B-8B17-E43595AC527C}.Release|Any CPU.Build.0 = Release|Any CPU
	EndGlobalSection
	GlobalSection(SolutionProperties) = preSolution
		HideSolutionNode = FALSE
	EndGlobalSection
	GlobalSection(ExtensibilityGlobals) = postSolution
		SolutionGuid = {E6BF92C0-366B-449A-86EC-EE5942D4645A}
	EndGlobalSection
EndGlobal
